// !$*UTF8*$!
{
	archiveVersion = 1;
	classes = {
	};
	objectVersion = 46;
	objects = {

/* Begin PBXBuildFile section */
		0B3557F11A580651008651A5 /* record-nopicture-master.png in Resources */ = {isa = PBXBuildFile; fileRef = 0B3557EB1A580651008651A5 /* record-nopicture-master.png */; };
		0B3557F21A580651008651A5 /* record-nopicture-master@2x.png in Resources */ = {isa = PBXBuildFile; fileRef = 0B3557EC1A580651008651A5 /* record-nopicture-master@2x.png */; };
		0B3557F31A580651008651A5 /* record-nopicture-master@3x.png in Resources */ = {isa = PBXBuildFile; fileRef = 0B3557ED1A580651008651A5 /* record-nopicture-master@3x.png */; };
		0B3557F41A580651008651A5 /* record-placeholder-master.png in Resources */ = {isa = PBXBuildFile; fileRef = 0B3557EE1A580651008651A5 /* record-placeholder-master.png */; };
		0B3557F51A580651008651A5 /* record-placeholder-master@2x.png in Resources */ = {isa = PBXBuildFile; fileRef = 0B3557EF1A580651008651A5 /* record-placeholder-master@2x.png */; };
		0B3557F61A580651008651A5 /* record-placeholder-master@3x.png in Resources */ = {isa = PBXBuildFile; fileRef = 0B3557F01A580651008651A5 /* record-placeholder-master@3x.png */; };
		0B3557F91A58067A008651A5 /* RecordDetailTableViewController.m in Sources */ = {isa = PBXBuildFile; fileRef = 0B3557F81A58067A008651A5 /* RecordDetailTableViewController.m */; };
		B6045AE81A5745AB003A170B /* SJLocation.m in Sources */ = {isa = PBXBuildFile; fileRef = B6045AE71A5745AB003A170B /* SJLocation.m */; };
		B60BC51C1A41A31B00F303C6 /* MessageUI.framework in Frameworks */ = {isa = PBXBuildFile; fileRef = B60BC51B1A41A31B00F303C6 /* MessageUI.framework */; };
		B61375BA1A57202B00FA58BA /* MapKit.framework in Frameworks */ = {isa = PBXBuildFile; fileRef = B61375B91A57202B00FA58BA /* MapKit.framework */; };
		B61375BC1A57202F00FA58BA /* CoreLocation.framework in Frameworks */ = {isa = PBXBuildFile; fileRef = B61375BB1A57202F00FA58BA /* CoreLocation.framework */; };
		B61375BF1A5720D200FA58BA /* RecordsAroundMeViewController.m in Sources */ = {isa = PBXBuildFile; fileRef = B61375BE1A5720D200FA58BA /* RecordsAroundMeViewController.m */; };
		B63333A71A49A24100B6F0C6 /* email-icon.png in Resources */ = {isa = PBXBuildFile; fileRef = B63333A41A49A24100B6F0C6 /* email-icon.png */; };
		B63333A81A49A24100B6F0C6 /* email-icon@2x.png in Resources */ = {isa = PBXBuildFile; fileRef = B63333A51A49A24100B6F0C6 /* email-icon@2x.png */; };
		B63333A91A49A24100B6F0C6 /* email-icon@3x.png in Resources */ = {isa = PBXBuildFile; fileRef = B63333A61A49A24100B6F0C6 /* email-icon@3x.png */; };
		B6473DC01A50DAF400AA0E94 /* icon-thumbtack@2x.png in Resources */ = {isa = PBXBuildFile; fileRef = B6473DBE1A50DAF400AA0E94 /* icon-thumbtack@2x.png */; };
		B6473DC11A50DAF400AA0E94 /* icon-building@2x.png in Resources */ = {isa = PBXBuildFile; fileRef = B6473DBF1A50DAF400AA0E94 /* icon-building@2x.png */; };
		B6473DC51A50DDB900AA0E94 /* icon-compass@2x.png in Resources */ = {isa = PBXBuildFile; fileRef = B6473DC21A50DDB900AA0E94 /* icon-compass@2x.png */; };
		B6473DC61A50DDB900AA0E94 /* icon-map-marker@2x.png in Resources */ = {isa = PBXBuildFile; fileRef = B6473DC31A50DDB900AA0E94 /* icon-map-marker@2x.png */; };
		B6473DC71A50DDB900AA0E94 /* icon-pencil@2x.png in Resources */ = {isa = PBXBuildFile; fileRef = B6473DC41A50DDB900AA0E94 /* icon-pencil@2x.png */; };
		B64D669D1A2FC5D6006C9189 /* main.m in Sources */ = {isa = PBXBuildFile; fileRef = B64D669C1A2FC5D6006C9189 /* main.m */; };
		B64D66A01A2FC5D6006C9189 /* AppDelegate.m in Sources */ = {isa = PBXBuildFile; fileRef = B64D669F1A2FC5D6006C9189 /* AppDelegate.m */; };
		B64D66A31A2FC5D6006C9189 /* MasterViewController.m in Sources */ = {isa = PBXBuildFile; fileRef = B64D66A21A2FC5D6006C9189 /* MasterViewController.m */; };
		B64D66A91A2FC5D6006C9189 /* Main.storyboard in Resources */ = {isa = PBXBuildFile; fileRef = B64D66A71A2FC5D6006C9189 /* Main.storyboard */; };
		B64D66AB1A2FC5D6006C9189 /* Images.xcassets in Resources */ = {isa = PBXBuildFile; fileRef = B64D66AA1A2FC5D6006C9189 /* Images.xcassets */; };
		B64D66AE1A2FC5D6006C9189 /* LaunchScreen.xib in Resources */ = {isa = PBXBuildFile; fileRef = B64D66AC1A2FC5D6006C9189 /* LaunchScreen.xib */; };
		B64D66BA1A2FC5D6006C9189 /* vestaTests.m in Sources */ = {isa = PBXBuildFile; fileRef = B64D66B91A2FC5D6006C9189 /* vestaTests.m */; };
		B6518E321A399D2200DD43CC /* FontAwesome.ttf in Resources */ = {isa = PBXBuildFile; fileRef = B6518E311A399D2200DD43CC /* FontAwesome.ttf */; };
		B6518E381A399E7700DD43CC /* Montserrat-Regular.otf in Resources */ = {isa = PBXBuildFile; fileRef = B6518E331A399E7700DD43CC /* Montserrat-Regular.otf */; };
		B6518E391A399E7700DD43CC /* Montserrat-Black.otf in Resources */ = {isa = PBXBuildFile; fileRef = B6518E341A399E7700DD43CC /* Montserrat-Black.otf */; };
		B6518E3A1A399E7700DD43CC /* Montserrat-Bold.otf in Resources */ = {isa = PBXBuildFile; fileRef = B6518E351A399E7700DD43CC /* Montserrat-Bold.otf */; };
		B6518E3B1A399E7700DD43CC /* Montserrat-Hairline.otf in Resources */ = {isa = PBXBuildFile; fileRef = B6518E361A399E7700DD43CC /* Montserrat-Hairline.otf */; };
		B6518E3C1A399E7700DD43CC /* Montserrat-Light.otf in Resources */ = {isa = PBXBuildFile; fileRef = B6518E371A399E7700DD43CC /* Montserrat-Light.otf */; };
		B656B3271A31E77500A07F5F /* LoginViewController.m in Sources */ = {isa = PBXBuildFile; fileRef = B656B3261A31E77500A07F5F /* LoginViewController.m */; };
		B656B32A1A31EA7800A07F5F /* SJUser.m in Sources */ = {isa = PBXBuildFile; fileRef = B656B3291A31EA7800A07F5F /* SJUser.m */; };
		B656B32E1A31FAF800A07F5F /* SJCartoparty.m in Sources */ = {isa = PBXBuildFile; fileRef = B656B32D1A31FAF800A07F5F /* SJCartoparty.m */; };
		B65A6E1D1A4B04F50082D680 /* placeholder.jpg in Resources */ = {isa = PBXBuildFile; fileRef = B65A6E1A1A4B04F50082D680 /* placeholder.jpg */; };
		B65A6E1E1A4B04F50082D680 /* placeholder@2x.jpg in Resources */ = {isa = PBXBuildFile; fileRef = B65A6E1B1A4B04F50082D680 /* placeholder@2x.jpg */; };
		B65A6E1F1A4B04F50082D680 /* placeholder@3x.jpg in Resources */ = {isa = PBXBuildFile; fileRef = B65A6E1C1A4B04F50082D680 /* placeholder@3x.jpg */; };
		B65B0C0E1A38E04500E17893 /* LoopBack.framework in Frameworks */ = {isa = PBXBuildFile; fileRef = B65B0C0D1A38E04500E17893 /* LoopBack.framework */; };
		B66827B71A45D8970098C23B /* UIColor+FlatUI.m in Sources */ = {isa = PBXBuildFile; fileRef = B66827B61A45D8970098C23B /* UIColor+FlatUI.m */; };
		B67CFDB41A50181700A97CDF /* cartoparty-placeholder-master.png in Resources */ = {isa = PBXBuildFile; fileRef = B67CFDB11A50181700A97CDF /* cartoparty-placeholder-master.png */; };
		B67CFDB51A50181700A97CDF /* cartoparty-placeholder-master@2x.png in Resources */ = {isa = PBXBuildFile; fileRef = B67CFDB21A50181700A97CDF /* cartoparty-placeholder-master@2x.png */; };
		B67CFDB61A50181700A97CDF /* cartoparty-placeholder-master@3x.png in Resources */ = {isa = PBXBuildFile; fileRef = B67CFDB31A50181700A97CDF /* cartoparty-placeholder-master@3x.png */; };
		B68223301A50BBF30038375C /* RecordsStoryboard.storyboard in Resources */ = {isa = PBXBuildFile; fileRef = B682232F1A50BBF30038375C /* RecordsStoryboard.storyboard */; };
		B68223341A50C5C60038375C /* SphereMenu.m in Sources */ = {isa = PBXBuildFile; fileRef = B68223331A50C5C60038375C /* SphereMenu.m */; };
		B68A79D01A3F24D4006919B1 /* SJCheckButton.m in Sources */ = {isa = PBXBuildFile; fileRef = B68A79CF1A3F24D4006919B1 /* SJCheckButton.m */; };
		B68D4DB71A48E4DE002C0A47 /* SignupViewController.m in Sources */ = {isa = PBXBuildFile; fileRef = B68D4DB61A48E4DE002C0A47 /* SignupViewController.m */; };
		B692B3151A39ADC40082030E /* CartopartyDetailTableViewController.m in Sources */ = {isa = PBXBuildFile; fileRef = B692B3141A39ADC40082030E /* CartopartyDetailTableViewController.m */; };
		B6948DAF1A45D0B3005DB50D /* Entitlements.plist in Resources */ = {isa = PBXBuildFile; fileRef = B6948DAE1A45D0B3005DB50D /* Entitlements.plist */; };
		B6A2D0751A4A30BC00082F46 /* sad_icon.png in Resources */ = {isa = PBXBuildFile; fileRef = B6A2D0721A4A30BC00082F46 /* sad_icon.png */; };
		B6A2D0761A4A30BC00082F46 /* sad_icon@2x.png in Resources */ = {isa = PBXBuildFile; fileRef = B6A2D0731A4A30BC00082F46 /* sad_icon@2x.png */; };
		B6A2D0771A4A30BC00082F46 /* sad_icon@3x.png in Resources */ = {isa = PBXBuildFile; fileRef = B6A2D0741A4A30BC00082F46 /* sad_icon@3x.png */; };
		B6A63EC31A499F470065FAA1 /* camera-icon.png in Resources */ = {isa = PBXBuildFile; fileRef = B6A63EC01A499F470065FAA1 /* camera-icon.png */; };
		B6A63EC41A499F470065FAA1 /* camera-icon@2x.png in Resources */ = {isa = PBXBuildFile; fileRef = B6A63EC11A499F470065FAA1 /* camera-icon@2x.png */; };
		B6A63EC51A499F470065FAA1 /* camera-icon@3x.png in Resources */ = {isa = PBXBuildFile; fileRef = B6A63EC21A499F470065FAA1 /* camera-icon@3x.png */; };
		B6AE917E1A40403C006CE4F8 /* SJCartopartyTableViewCell.m in Sources */ = {isa = PBXBuildFile; fileRef = B6AE917D1A40403C006CE4F8 /* SJCartopartyTableViewCell.m */; };
		B6B362331A409D4700EB9DE5 /* SJMedalView.m in Sources */ = {isa = PBXBuildFile; fileRef = B6B362321A409D4700EB9DE5 /* SJMedalView.m */; };
		B6BB46D01A3746A9005FB96D /* CartopartiesListTableViewController.m in Sources */ = {isa = PBXBuildFile; fileRef = B6BB46CF1A3746A9005FB96D /* CartopartiesListTableViewController.m */; };
		B6C9E1511A3247A400E69A9A /* lock_icon.png in Resources */ = {isa = PBXBuildFile; fileRef = B6C9E14B1A3247A400E69A9A /* lock_icon.png */; };
		B6C9E1521A3247A400E69A9A /* user_icon.png in Resources */ = {isa = PBXBuildFile; fileRef = B6C9E14C1A3247A400E69A9A /* user_icon.png */; };
		B6C9E1531A3247A400E69A9A /* user_icon@2x.png in Resources */ = {isa = PBXBuildFile; fileRef = B6C9E14D1A3247A400E69A9A /* user_icon@2x.png */; };
		B6C9E1541A3247A400E69A9A /* lock_icon@2x.png in Resources */ = {isa = PBXBuildFile; fileRef = B6C9E14E1A3247A400E69A9A /* lock_icon@2x.png */; };
		B6C9E1551A3247A400E69A9A /* map_logo.png in Resources */ = {isa = PBXBuildFile; fileRef = B6C9E14F1A3247A400E69A9A /* map_logo.png */; };
		B6C9E1561A3247A400E69A9A /* map_logo@2x.png in Resources */ = {isa = PBXBuildFile; fileRef = B6C9E1501A3247A400E69A9A /* map_logo@2x.png */; };
		B6E41E401A40638200C512C1 /* RecordListTableViewController.m in Sources */ = {isa = PBXBuildFile; fileRef = B6E41E3F1A40638200C512C1 /* RecordListTableViewController.m */; };
		B6E41E431A406D5600C512C1 /* SJRecord.m in Sources */ = {isa = PBXBuildFile; fileRef = B6E41E421A406D5600C512C1 /* SJRecord.m */; };
		B6E41E461A40732B00C512C1 /* UserListTableViewController.m in Sources */ = {isa = PBXBuildFile; fileRef = B6E41E451A40732B00C512C1 /* UserListTableViewController.m */; };
		B6E41E491A40790E00C512C1 /* SJCartopartyUser.m in Sources */ = {isa = PBXBuildFile; fileRef = B6E41E481A40790E00C512C1 /* SJCartopartyUser.m */; };
		B6ED1D6B1A322DC800673A5B /* QuartzCore.framework in Frameworks */ = {isa = PBXBuildFile; fileRef = B6ED1D6A1A322DC800673A5B /* QuartzCore.framework */; };
		E2D60ECEA24849B4AAE8CF92 /* libPods-vesta.a in Frameworks */ = {isa = PBXBuildFile; fileRef = 890D3EDBB390BC416B2A3BA6 /* libPods-vesta.a */; };
/* End PBXBuildFile section */

/* Begin PBXContainerItemProxy section */
		B64D66B41A2FC5D6006C9189 /* PBXContainerItemProxy */ = {
			isa = PBXContainerItemProxy;
			containerPortal = B64D668F1A2FC5D6006C9189 /* Project object */;
			proxyType = 1;
			remoteGlobalIDString = B64D66961A2FC5D6006C9189;
			remoteInfo = vesta;
		};
/* End PBXContainerItemProxy section */

/* Begin PBXFileReference section */
		021384AC38D269427C962DE8 /* Pods-vesta.release.xcconfig */ = {isa = PBXFileReference; includeInIndex = 1; lastKnownFileType = text.xcconfig; name = "Pods-vesta.release.xcconfig"; path = "Pods/Target Support Files/Pods-vesta/Pods-vesta.release.xcconfig"; sourceTree = "<group>"; };
		0B3557EB1A580651008651A5 /* record-nopicture-master.png */ = {isa = PBXFileReference; lastKnownFileType = image.png; name = "record-nopicture-master.png"; path = "Assets/record-nopicture-master.png"; sourceTree = "<group>"; };
		0B3557EC1A580651008651A5 /* record-nopicture-master@2x.png */ = {isa = PBXFileReference; lastKnownFileType = image.png; name = "record-nopicture-master@2x.png"; path = "Assets/record-nopicture-master@2x.png"; sourceTree = "<group>"; };
		0B3557ED1A580651008651A5 /* record-nopicture-master@3x.png */ = {isa = PBXFileReference; lastKnownFileType = image.png; name = "record-nopicture-master@3x.png"; path = "Assets/record-nopicture-master@3x.png"; sourceTree = "<group>"; };
		0B3557EE1A580651008651A5 /* record-placeholder-master.png */ = {isa = PBXFileReference; lastKnownFileType = image.png; name = "record-placeholder-master.png"; path = "Assets/record-placeholder-master.png"; sourceTree = "<group>"; };
		0B3557EF1A580651008651A5 /* record-placeholder-master@2x.png */ = {isa = PBXFileReference; lastKnownFileType = image.png; name = "record-placeholder-master@2x.png"; path = "Assets/record-placeholder-master@2x.png"; sourceTree = "<group>"; };
		0B3557F01A580651008651A5 /* record-placeholder-master@3x.png */ = {isa = PBXFileReference; lastKnownFileType = image.png; name = "record-placeholder-master@3x.png"; path = "Assets/record-placeholder-master@3x.png"; sourceTree = "<group>"; };
		0B3557F71A58067A008651A5 /* RecordDetailTableViewController.h */ = {isa = PBXFileReference; fileEncoding = 4; lastKnownFileType = sourcecode.c.h; path = RecordDetailTableViewController.h; sourceTree = "<group>"; };
		0B3557F81A58067A008651A5 /* RecordDetailTableViewController.m */ = {isa = PBXFileReference; fileEncoding = 4; lastKnownFileType = sourcecode.c.objc; path = RecordDetailTableViewController.m; sourceTree = "<group>"; };
		890D3EDBB390BC416B2A3BA6 /* libPods-vesta.a */ = {isa = PBXFileReference; explicitFileType = archive.ar; includeInIndex = 0; path = "libPods-vesta.a"; sourceTree = BUILT_PRODUCTS_DIR; };
		B6045AE61A5745AB003A170B /* SJLocation.h */ = {isa = PBXFileReference; fileEncoding = 4; lastKnownFileType = sourcecode.c.h; name = SJLocation.h; path = Models/SJLocation.h; sourceTree = "<group>"; };
		B6045AE71A5745AB003A170B /* SJLocation.m */ = {isa = PBXFileReference; fileEncoding = 4; lastKnownFileType = sourcecode.c.objc; name = SJLocation.m; path = Models/SJLocation.m; sourceTree = "<group>"; };
		B60BC51B1A41A31B00F303C6 /* MessageUI.framework */ = {isa = PBXFileReference; lastKnownFileType = wrapper.framework; name = MessageUI.framework; path = System/Library/Frameworks/MessageUI.framework; sourceTree = SDKROOT; };
		B60BC51D1A41A64400F303C6 /* PrefixHeader.pch */ = {isa = PBXFileReference; lastKnownFileType = sourcecode.c.h; path = PrefixHeader.pch; sourceTree = "<group>"; };
		B61375B91A57202B00FA58BA /* MapKit.framework */ = {isa = PBXFileReference; lastKnownFileType = wrapper.framework; name = MapKit.framework; path = System/Library/Frameworks/MapKit.framework; sourceTree = SDKROOT; };
		B61375BB1A57202F00FA58BA /* CoreLocation.framework */ = {isa = PBXFileReference; lastKnownFileType = wrapper.framework; name = CoreLocation.framework; path = System/Library/Frameworks/CoreLocation.framework; sourceTree = SDKROOT; };
		B61375BD1A5720D200FA58BA /* RecordsAroundMeViewController.h */ = {isa = PBXFileReference; fileEncoding = 4; lastKnownFileType = sourcecode.c.h; path = RecordsAroundMeViewController.h; sourceTree = "<group>"; };
		B61375BE1A5720D200FA58BA /* RecordsAroundMeViewController.m */ = {isa = PBXFileReference; fileEncoding = 4; lastKnownFileType = sourcecode.c.objc; path = RecordsAroundMeViewController.m; sourceTree = "<group>"; };
		B63333A41A49A24100B6F0C6 /* email-icon.png */ = {isa = PBXFileReference; lastKnownFileType = image.png; name = "email-icon.png"; path = "Assets/email-icon.png"; sourceTree = "<group>"; };
		B63333A51A49A24100B6F0C6 /* email-icon@2x.png */ = {isa = PBXFileReference; lastKnownFileType = image.png; name = "email-icon@2x.png"; path = "Assets/email-icon@2x.png"; sourceTree = "<group>"; };
		B63333A61A49A24100B6F0C6 /* email-icon@3x.png */ = {isa = PBXFileReference; lastKnownFileType = image.png; name = "email-icon@3x.png"; path = "Assets/email-icon@3x.png"; sourceTree = "<group>"; };
		B6473DBE1A50DAF400AA0E94 /* icon-thumbtack@2x.png */ = {isa = PBXFileReference; lastKnownFileType = image.png; name = "icon-thumbtack@2x.png"; path = "Assets/icon-thumbtack@2x.png"; sourceTree = "<group>"; };
		B6473DBF1A50DAF400AA0E94 /* icon-building@2x.png */ = {isa = PBXFileReference; lastKnownFileType = image.png; name = "icon-building@2x.png"; path = "Assets/icon-building@2x.png"; sourceTree = "<group>"; };
		B6473DC21A50DDB900AA0E94 /* icon-compass@2x.png */ = {isa = PBXFileReference; lastKnownFileType = image.png; name = "icon-compass@2x.png"; path = "Assets/icon-compass@2x.png"; sourceTree = "<group>"; };
		B6473DC31A50DDB900AA0E94 /* icon-map-marker@2x.png */ = {isa = PBXFileReference; lastKnownFileType = image.png; name = "icon-map-marker@2x.png"; path = "Assets/icon-map-marker@2x.png"; sourceTree = "<group>"; };
		B6473DC41A50DDB900AA0E94 /* icon-pencil@2x.png */ = {isa = PBXFileReference; lastKnownFileType = image.png; name = "icon-pencil@2x.png"; path = "Assets/icon-pencil@2x.png"; sourceTree = "<group>"; };
		B64D66971A2FC5D6006C9189 /* vesta.app */ = {isa = PBXFileReference; explicitFileType = wrapper.application; includeInIndex = 0; path = vesta.app; sourceTree = BUILT_PRODUCTS_DIR; };
		B64D669B1A2FC5D6006C9189 /* Info.plist */ = {isa = PBXFileReference; lastKnownFileType = text.plist.xml; path = Info.plist; sourceTree = "<group>"; };
		B64D669C1A2FC5D6006C9189 /* main.m */ = {isa = PBXFileReference; lastKnownFileType = sourcecode.c.objc; path = main.m; sourceTree = "<group>"; };
		B64D669E1A2FC5D6006C9189 /* AppDelegate.h */ = {isa = PBXFileReference; lastKnownFileType = sourcecode.c.h; path = AppDelegate.h; sourceTree = "<group>"; };
		B64D669F1A2FC5D6006C9189 /* AppDelegate.m */ = {isa = PBXFileReference; lastKnownFileType = sourcecode.c.objc; path = AppDelegate.m; sourceTree = "<group>"; };
		B64D66A11A2FC5D6006C9189 /* MasterViewController.h */ = {isa = PBXFileReference; lastKnownFileType = sourcecode.c.h; path = MasterViewController.h; sourceTree = "<group>"; };
		B64D66A21A2FC5D6006C9189 /* MasterViewController.m */ = {isa = PBXFileReference; lastKnownFileType = sourcecode.c.objc; path = MasterViewController.m; sourceTree = "<group>"; };
		B64D66A81A2FC5D6006C9189 /* Base */ = {isa = PBXFileReference; lastKnownFileType = file.storyboard; name = Base; path = Base.lproj/Main.storyboard; sourceTree = "<group>"; };
		B64D66AA1A2FC5D6006C9189 /* Images.xcassets */ = {isa = PBXFileReference; lastKnownFileType = folder.assetcatalog; path = Images.xcassets; sourceTree = "<group>"; };
		B64D66AD1A2FC5D6006C9189 /* Base */ = {isa = PBXFileReference; lastKnownFileType = file.xib; name = Base; path = Base.lproj/LaunchScreen.xib; sourceTree = "<group>"; };
		B64D66B31A2FC5D6006C9189 /* vestaTests.xctest */ = {isa = PBXFileReference; explicitFileType = wrapper.cfbundle; includeInIndex = 0; path = vestaTests.xctest; sourceTree = BUILT_PRODUCTS_DIR; };
		B64D66B81A2FC5D6006C9189 /* Info.plist */ = {isa = PBXFileReference; lastKnownFileType = text.plist.xml; path = Info.plist; sourceTree = "<group>"; };
		B64D66B91A2FC5D6006C9189 /* vestaTests.m */ = {isa = PBXFileReference; lastKnownFileType = sourcecode.c.objc; path = vestaTests.m; sourceTree = "<group>"; };
		B6518E311A399D2200DD43CC /* FontAwesome.ttf */ = {isa = PBXFileReference; lastKnownFileType = file; name = FontAwesome.ttf; path = Assets/Fonts/FontAwesome.ttf; sourceTree = "<group>"; };
		B6518E331A399E7700DD43CC /* Montserrat-Regular.otf */ = {isa = PBXFileReference; lastKnownFileType = file; name = "Montserrat-Regular.otf"; path = "Assets/Fonts/Montserrat-Regular.otf"; sourceTree = "<group>"; };
		B6518E341A399E7700DD43CC /* Montserrat-Black.otf */ = {isa = PBXFileReference; lastKnownFileType = file; name = "Montserrat-Black.otf"; path = "Assets/Fonts/Montserrat-Black.otf"; sourceTree = "<group>"; };
		B6518E351A399E7700DD43CC /* Montserrat-Bold.otf */ = {isa = PBXFileReference; lastKnownFileType = file; name = "Montserrat-Bold.otf"; path = "Assets/Fonts/Montserrat-Bold.otf"; sourceTree = "<group>"; };
		B6518E361A399E7700DD43CC /* Montserrat-Hairline.otf */ = {isa = PBXFileReference; lastKnownFileType = file; name = "Montserrat-Hairline.otf"; path = "Assets/Fonts/Montserrat-Hairline.otf"; sourceTree = "<group>"; };
		B6518E371A399E7700DD43CC /* Montserrat-Light.otf */ = {isa = PBXFileReference; lastKnownFileType = file; name = "Montserrat-Light.otf"; path = "Assets/Fonts/Montserrat-Light.otf"; sourceTree = "<group>"; };
		B656B3251A31E77500A07F5F /* LoginViewController.h */ = {isa = PBXFileReference; fileEncoding = 4; lastKnownFileType = sourcecode.c.h; path = LoginViewController.h; sourceTree = "<group>"; };
		B656B3261A31E77500A07F5F /* LoginViewController.m */ = {isa = PBXFileReference; fileEncoding = 4; lastKnownFileType = sourcecode.c.objc; path = LoginViewController.m; sourceTree = "<group>"; };
		B656B3281A31EA7800A07F5F /* SJUser.h */ = {isa = PBXFileReference; fileEncoding = 4; lastKnownFileType = sourcecode.c.h; name = SJUser.h; path = Models/SJUser.h; sourceTree = "<group>"; };
		B656B3291A31EA7800A07F5F /* SJUser.m */ = {isa = PBXFileReference; fileEncoding = 4; lastKnownFileType = sourcecode.c.objc; name = SJUser.m; path = Models/SJUser.m; sourceTree = "<group>"; };
		B656B32C1A31FAF800A07F5F /* SJCartoparty.h */ = {isa = PBXFileReference; fileEncoding = 4; lastKnownFileType = sourcecode.c.h; name = SJCartoparty.h; path = Models/SJCartoparty.h; sourceTree = "<group>"; };
		B656B32D1A31FAF800A07F5F /* SJCartoparty.m */ = {isa = PBXFileReference; fileEncoding = 4; lastKnownFileType = sourcecode.c.objc; name = SJCartoparty.m; path = Models/SJCartoparty.m; sourceTree = "<group>"; };
		B65A6E1A1A4B04F50082D680 /* placeholder.jpg */ = {isa = PBXFileReference; lastKnownFileType = image.jpeg; name = placeholder.jpg; path = Assets/placeholder.jpg; sourceTree = "<group>"; };
		B65A6E1B1A4B04F50082D680 /* placeholder@2x.jpg */ = {isa = PBXFileReference; lastKnownFileType = image.jpeg; name = "placeholder@2x.jpg"; path = "Assets/placeholder@2x.jpg"; sourceTree = "<group>"; };
		B65A6E1C1A4B04F50082D680 /* placeholder@3x.jpg */ = {isa = PBXFileReference; lastKnownFileType = image.jpeg; name = "placeholder@3x.jpg"; path = "Assets/placeholder@3x.jpg"; sourceTree = "<group>"; };
		B65B0C0D1A38E04500E17893 /* LoopBack.framework */ = {isa = PBXFileReference; lastKnownFileType = wrapper.framework; name = LoopBack.framework; path = Frameworks/LoopBack.framework; sourceTree = "<group>"; };
		B66827B51A45D8970098C23B /* UIColor+FlatUI.h */ = {isa = PBXFileReference; fileEncoding = 4; lastKnownFileType = sourcecode.c.h; name = "UIColor+FlatUI.h"; path = "Frameworks/UIColor+FlatUI.h"; sourceTree = "<group>"; };
		B66827B61A45D8970098C23B /* UIColor+FlatUI.m */ = {isa = PBXFileReference; fileEncoding = 4; lastKnownFileType = sourcecode.c.objc; name = "UIColor+FlatUI.m"; path = "Frameworks/UIColor+FlatUI.m"; sourceTree = "<group>"; };
		B67CFDB11A50181700A97CDF /* cartoparty-placeholder-master.png */ = {isa = PBXFileReference; lastKnownFileType = image.png; name = "cartoparty-placeholder-master.png"; path = "Assets/cartoparty-placeholder-master.png"; sourceTree = "<group>"; };
		B67CFDB21A50181700A97CDF /* cartoparty-placeholder-master@2x.png */ = {isa = PBXFileReference; lastKnownFileType = image.png; name = "cartoparty-placeholder-master@2x.png"; path = "Assets/cartoparty-placeholder-master@2x.png"; sourceTree = "<group>"; };
		B67CFDB31A50181700A97CDF /* cartoparty-placeholder-master@3x.png */ = {isa = PBXFileReference; lastKnownFileType = image.png; name = "cartoparty-placeholder-master@3x.png"; path = "Assets/cartoparty-placeholder-master@3x.png"; sourceTree = "<group>"; };
		B682232F1A50BBF30038375C /* RecordsStoryboard.storyboard */ = {isa = PBXFileReference; fileEncoding = 4; lastKnownFileType = file.storyboard; path = RecordsStoryboard.storyboard; sourceTree = "<group>"; };
		B68223321A50C5C60038375C /* SphereMenu.h */ = {isa = PBXFileReference; fileEncoding = 4; lastKnownFileType = sourcecode.c.h; path = SphereMenu.h; sourceTree = "<group>"; };
		B68223331A50C5C60038375C /* SphereMenu.m */ = {isa = PBXFileReference; fileEncoding = 4; lastKnownFileType = sourcecode.c.objc; path = SphereMenu.m; sourceTree = "<group>"; };
		B68A79CE1A3F24D4006919B1 /* SJCheckButton.h */ = {isa = PBXFileReference; fileEncoding = 4; lastKnownFileType = sourcecode.c.h; name = SJCheckButton.h; path = Models/SJCheckButton.h; sourceTree = "<group>"; };
		B68A79CF1A3F24D4006919B1 /* SJCheckButton.m */ = {isa = PBXFileReference; fileEncoding = 4; lastKnownFileType = sourcecode.c.objc; name = SJCheckButton.m; path = Models/SJCheckButton.m; sourceTree = "<group>"; };
		B68D4DB51A48E4DE002C0A47 /* SignupViewController.h */ = {isa = PBXFileReference; fileEncoding = 4; lastKnownFileType = sourcecode.c.h; path = SignupViewController.h; sourceTree = "<group>"; };
		B68D4DB61A48E4DE002C0A47 /* SignupViewController.m */ = {isa = PBXFileReference; fileEncoding = 4; lastKnownFileType = sourcecode.c.objc; path = SignupViewController.m; sourceTree = "<group>"; };
		B692B3131A39ADC40082030E /* CartopartyDetailTableViewController.h */ = {isa = PBXFileReference; fileEncoding = 4; lastKnownFileType = sourcecode.c.h; path = CartopartyDetailTableViewController.h; sourceTree = "<group>"; };
		B692B3141A39ADC40082030E /* CartopartyDetailTableViewController.m */ = {isa = PBXFileReference; fileEncoding = 4; lastKnownFileType = sourcecode.c.objc; path = CartopartyDetailTableViewController.m; sourceTree = "<group>"; };
		B6948DAE1A45D0B3005DB50D /* Entitlements.plist */ = {isa = PBXFileReference; fileEncoding = 4; lastKnownFileType = text.plist.xml; name = Entitlements.plist; path = ../Entitlements.plist; sourceTree = "<group>"; };
		B6A2D0721A4A30BC00082F46 /* sad_icon.png */ = {isa = PBXFileReference; lastKnownFileType = image.png; name = sad_icon.png; path = Assets/sad_icon.png; sourceTree = "<group>"; };
		B6A2D0731A4A30BC00082F46 /* sad_icon@2x.png */ = {isa = PBXFileReference; lastKnownFileType = image.png; name = "sad_icon@2x.png"; path = "Assets/sad_icon@2x.png"; sourceTree = "<group>"; };
		B6A2D0741A4A30BC00082F46 /* sad_icon@3x.png */ = {isa = PBXFileReference; lastKnownFileType = image.png; name = "sad_icon@3x.png"; path = "Assets/sad_icon@3x.png"; sourceTree = "<group>"; };
		B6A63EC01A499F470065FAA1 /* camera-icon.png */ = {isa = PBXFileReference; lastKnownFileType = image.png; name = "camera-icon.png"; path = "Assets/camera-icon.png"; sourceTree = "<group>"; };
		B6A63EC11A499F470065FAA1 /* camera-icon@2x.png */ = {isa = PBXFileReference; lastKnownFileType = image.png; name = "camera-icon@2x.png"; path = "Assets/camera-icon@2x.png"; sourceTree = "<group>"; };
		B6A63EC21A499F470065FAA1 /* camera-icon@3x.png */ = {isa = PBXFileReference; lastKnownFileType = image.png; name = "camera-icon@3x.png"; path = "Assets/camera-icon@3x.png"; sourceTree = "<group>"; };
		B6AE917C1A40403C006CE4F8 /* SJCartopartyTableViewCell.h */ = {isa = PBXFileReference; fileEncoding = 4; lastKnownFileType = sourcecode.c.h; name = SJCartopartyTableViewCell.h; path = Models/SJCartopartyTableViewCell.h; sourceTree = "<group>"; };
		B6AE917D1A40403C006CE4F8 /* SJCartopartyTableViewCell.m */ = {isa = PBXFileReference; fileEncoding = 4; lastKnownFileType = sourcecode.c.objc; name = SJCartopartyTableViewCell.m; path = Models/SJCartopartyTableViewCell.m; sourceTree = "<group>"; };
		B6B362311A409D4700EB9DE5 /* SJMedalView.h */ = {isa = PBXFileReference; fileEncoding = 4; lastKnownFileType = sourcecode.c.h; name = SJMedalView.h; path = Models/SJMedalView.h; sourceTree = "<group>"; };
		B6B362321A409D4700EB9DE5 /* SJMedalView.m */ = {isa = PBXFileReference; fileEncoding = 4; lastKnownFileType = sourcecode.c.objc; name = SJMedalView.m; path = Models/SJMedalView.m; sourceTree = "<group>"; };
		B6BB46CE1A3746A9005FB96D /* CartopartiesListTableViewController.h */ = {isa = PBXFileReference; fileEncoding = 4; lastKnownFileType = sourcecode.c.h; path = CartopartiesListTableViewController.h; sourceTree = "<group>"; };
		B6BB46CF1A3746A9005FB96D /* CartopartiesListTableViewController.m */ = {isa = PBXFileReference; fileEncoding = 4; lastKnownFileType = sourcecode.c.objc; path = CartopartiesListTableViewController.m; sourceTree = "<group>"; };
		B6C9E14B1A3247A400E69A9A /* lock_icon.png */ = {isa = PBXFileReference; lastKnownFileType = image.png; name = lock_icon.png; path = Assets/lock_icon.png; sourceTree = "<group>"; };
		B6C9E14C1A3247A400E69A9A /* user_icon.png */ = {isa = PBXFileReference; lastKnownFileType = image.png; name = user_icon.png; path = Assets/user_icon.png; sourceTree = "<group>"; };
		B6C9E14D1A3247A400E69A9A /* user_icon@2x.png */ = {isa = PBXFileReference; lastKnownFileType = image.png; name = "user_icon@2x.png"; path = "Assets/user_icon@2x.png"; sourceTree = "<group>"; };
		B6C9E14E1A3247A400E69A9A /* lock_icon@2x.png */ = {isa = PBXFileReference; lastKnownFileType = image.png; name = "lock_icon@2x.png"; path = "Assets/lock_icon@2x.png"; sourceTree = "<group>"; };
		B6C9E14F1A3247A400E69A9A /* map_logo.png */ = {isa = PBXFileReference; lastKnownFileType = image.png; name = map_logo.png; path = Assets/map_logo.png; sourceTree = "<group>"; };
		B6C9E1501A3247A400E69A9A /* map_logo@2x.png */ = {isa = PBXFileReference; lastKnownFileType = image.png; name = "map_logo@2x.png"; path = "Assets/map_logo@2x.png"; sourceTree = "<group>"; };
		B6E41E3E1A40638200C512C1 /* RecordListTableViewController.h */ = {isa = PBXFileReference; fileEncoding = 4; lastKnownFileType = sourcecode.c.h; path = RecordListTableViewController.h; sourceTree = "<group>"; };
		B6E41E3F1A40638200C512C1 /* RecordListTableViewController.m */ = {isa = PBXFileReference; fileEncoding = 4; lastKnownFileType = sourcecode.c.objc; path = RecordListTableViewController.m; sourceTree = "<group>"; };
		B6E41E411A406D5600C512C1 /* SJRecord.h */ = {isa = PBXFileReference; fileEncoding = 4; lastKnownFileType = sourcecode.c.h; name = SJRecord.h; path = Models/SJRecord.h; sourceTree = "<group>"; };
		B6E41E421A406D5600C512C1 /* SJRecord.m */ = {isa = PBXFileReference; fileEncoding = 4; lastKnownFileType = sourcecode.c.objc; name = SJRecord.m; path = Models/SJRecord.m; sourceTree = "<group>"; };
		B6E41E441A40732B00C512C1 /* UserListTableViewController.h */ = {isa = PBXFileReference; fileEncoding = 4; lastKnownFileType = sourcecode.c.h; path = UserListTableViewController.h; sourceTree = "<group>"; };
		B6E41E451A40732B00C512C1 /* UserListTableViewController.m */ = {isa = PBXFileReference; fileEncoding = 4; lastKnownFileType = sourcecode.c.objc; path = UserListTableViewController.m; sourceTree = "<group>"; };
		B6E41E471A40790E00C512C1 /* SJCartopartyUser.h */ = {isa = PBXFileReference; fileEncoding = 4; lastKnownFileType = sourcecode.c.h; name = SJCartopartyUser.h; path = Models/SJCartopartyUser.h; sourceTree = "<group>"; };
		B6E41E481A40790E00C512C1 /* SJCartopartyUser.m */ = {isa = PBXFileReference; fileEncoding = 4; lastKnownFileType = sourcecode.c.objc; name = SJCartopartyUser.m; path = Models/SJCartopartyUser.m; sourceTree = "<group>"; };
		B6ED1D6A1A322DC800673A5B /* QuartzCore.framework */ = {isa = PBXFileReference; lastKnownFileType = wrapper.framework; name = QuartzCore.framework; path = System/Library/Frameworks/QuartzCore.framework; sourceTree = SDKROOT; };
		DE09CA33BBDEB3AAE3631C90 /* Pods-vesta.debug.xcconfig */ = {isa = PBXFileReference; includeInIndex = 1; lastKnownFileType = text.xcconfig; name = "Pods-vesta.debug.xcconfig"; path = "Pods/Target Support Files/Pods-vesta/Pods-vesta.debug.xcconfig"; sourceTree = "<group>"; };
/* End PBXFileReference section */

/* Begin PBXFrameworksBuildPhase section */
		B64D66941A2FC5D6006C9189 /* Frameworks */ = {
			isa = PBXFrameworksBuildPhase;
			buildActionMask = 2147483647;
			files = (
				B61375BC1A57202F00FA58BA /* CoreLocation.framework in Frameworks */,
				B61375BA1A57202B00FA58BA /* MapKit.framework in Frameworks */,
				B60BC51C1A41A31B00F303C6 /* MessageUI.framework in Frameworks */,
				B6ED1D6B1A322DC800673A5B /* QuartzCore.framework in Frameworks */,
				B65B0C0E1A38E04500E17893 /* LoopBack.framework in Frameworks */,
				E2D60ECEA24849B4AAE8CF92 /* libPods-vesta.a in Frameworks */,
			);
			runOnlyForDeploymentPostprocessing = 0;
		};
		B64D66B01A2FC5D6006C9189 /* Frameworks */ = {
			isa = PBXFrameworksBuildPhase;
			buildActionMask = 2147483647;
			files = (
			);
			runOnlyForDeploymentPostprocessing = 0;
		};
/* End PBXFrameworksBuildPhase section */

/* Begin PBXGroup section */
		A0A718F8DF98BFE79C6E84CF /* Pods */ = {
			isa = PBXGroup;
			children = (
				DE09CA33BBDEB3AAE3631C90 /* Pods-vesta.debug.xcconfig */,
				021384AC38D269427C962DE8 /* Pods-vesta.release.xcconfig */,
			);
			name = Pods;
			sourceTree = "<group>";
		};
		B64D668E1A2FC5D6006C9189 = {
			isa = PBXGroup;
			children = (
				B64D66991A2FC5D6006C9189 /* vesta */,
				B64D66B61A2FC5D6006C9189 /* vestaTests */,
				B656B3221A31E5B700A07F5F /* Frameworks */,
				B64D66981A2FC5D6006C9189 /* Products */,
				A0A718F8DF98BFE79C6E84CF /* Pods */,
			);
			sourceTree = "<group>";
		};
		B64D66981A2FC5D6006C9189 /* Products */ = {
			isa = PBXGroup;
			children = (
				B64D66971A2FC5D6006C9189 /* vesta.app */,
				B64D66B31A2FC5D6006C9189 /* vestaTests.xctest */,
			);
			name = Products;
			sourceTree = "<group>";
		};
		B64D66991A2FC5D6006C9189 /* vesta */ = {
			isa = PBXGroup;
			children = (
				B682232E1A50BBCA0038375C /* Storyboards */,
				B6F39EFB1A323AFC00B110E3 /* Assets */,
				B656B32B1A31EA8100A07F5F /* Models */,
				B64D669E1A2FC5D6006C9189 /* AppDelegate.h */,
				B64D669F1A2FC5D6006C9189 /* AppDelegate.m */,
				B656B3251A31E77500A07F5F /* LoginViewController.h */,
				B656B3261A31E77500A07F5F /* LoginViewController.m */,
				B68D4DB51A48E4DE002C0A47 /* SignupViewController.h */,
				B68D4DB61A48E4DE002C0A47 /* SignupViewController.m */,
				B64D66A11A2FC5D6006C9189 /* MasterViewController.h */,
				B64D66A21A2FC5D6006C9189 /* MasterViewController.m */,
				B692B3131A39ADC40082030E /* CartopartyDetailTableViewController.h */,
				B692B3141A39ADC40082030E /* CartopartyDetailTableViewController.m */,
				B6BB46CE1A3746A9005FB96D /* CartopartiesListTableViewController.h */,
				B6BB46CF1A3746A9005FB96D /* CartopartiesListTableViewController.m */,
				B6E41E3E1A40638200C512C1 /* RecordListTableViewController.h */,
				B6E41E3F1A40638200C512C1 /* RecordListTableViewController.m */,
				0B3557F71A58067A008651A5 /* RecordDetailTableViewController.h */,
				0B3557F81A58067A008651A5 /* RecordDetailTableViewController.m */,
				B6E41E441A40732B00C512C1 /* UserListTableViewController.h */,
				B6E41E451A40732B00C512C1 /* UserListTableViewController.m */,
				B61375BD1A5720D200FA58BA /* RecordsAroundMeViewController.h */,
				B61375BE1A5720D200FA58BA /* RecordsAroundMeViewController.m */,
				B64D66AA1A2FC5D6006C9189 /* Images.xcassets */,
				B64D66AC1A2FC5D6006C9189 /* LaunchScreen.xib */,
				B64D669A1A2FC5D6006C9189 /* Supporting Files */,
			);
			path = vesta;
			sourceTree = "<group>";
		};
		B64D669A1A2FC5D6006C9189 /* Supporting Files */ = {
			isa = PBXGroup;
			children = (
				B6948DAE1A45D0B3005DB50D /* Entitlements.plist */,
				B64D669B1A2FC5D6006C9189 /* Info.plist */,
				B64D669C1A2FC5D6006C9189 /* main.m */,
				B60BC51D1A41A64400F303C6 /* PrefixHeader.pch */,
			);
			name = "Supporting Files";
			sourceTree = "<group>";
		};
		B64D66B61A2FC5D6006C9189 /* vestaTests */ = {
			isa = PBXGroup;
			children = (
				B64D66B91A2FC5D6006C9189 /* vestaTests.m */,
				B64D66B71A2FC5D6006C9189 /* Supporting Files */,
			);
			path = vestaTests;
			sourceTree = "<group>";
		};
		B64D66B71A2FC5D6006C9189 /* Supporting Files */ = {
			isa = PBXGroup;
			children = (
				B64D66B81A2FC5D6006C9189 /* Info.plist */,
			);
			name = "Supporting Files";
			sourceTree = "<group>";
		};
		B6518E301A399CF500DD43CC /* Fonts */ = {
			isa = PBXGroup;
			children = (
				B6518E331A399E7700DD43CC /* Montserrat-Regular.otf */,
				B6518E341A399E7700DD43CC /* Montserrat-Black.otf */,
				B6518E351A399E7700DD43CC /* Montserrat-Bold.otf */,
				B6518E361A399E7700DD43CC /* Montserrat-Hairline.otf */,
				B6518E371A399E7700DD43CC /* Montserrat-Light.otf */,
				B6518E311A399D2200DD43CC /* FontAwesome.ttf */,
			);
			name = Fonts;
			sourceTree = "<group>";
		};
		B656632A1A3F66C6004686A6 /* FlatUI Colors */ = {
			isa = PBXGroup;
			children = (
				B66827B51A45D8970098C23B /* UIColor+FlatUI.h */,
				B66827B61A45D8970098C23B /* UIColor+FlatUI.m */,
			);
			name = "FlatUI Colors";
			sourceTree = "<group>";
		};
		B656B3221A31E5B700A07F5F /* Frameworks */ = {
			isa = PBXGroup;
			children = (
				B61375BB1A57202F00FA58BA /* CoreLocation.framework */,
				B61375B91A57202B00FA58BA /* MapKit.framework */,
				B68223311A50C5C60038375C /* SphereMenu */,
				B656632A1A3F66C6004686A6 /* FlatUI Colors */,
				B60BC51B1A41A31B00F303C6 /* MessageUI.framework */,
				B65B0C0D1A38E04500E17893 /* LoopBack.framework */,
				B6ED1D6A1A322DC800673A5B /* QuartzCore.framework */,
				890D3EDBB390BC416B2A3BA6 /* libPods-vesta.a */,
			);
			name = Frameworks;
			sourceTree = "<group>";
		};
		B656B32B1A31EA8100A07F5F /* Models */ = {
			isa = PBXGroup;
			children = (
				B68A79CD1A3F24C2006919B1 /* SJCheckButton */,
				B656B3281A31EA7800A07F5F /* SJUser.h */,
				B656B3291A31EA7800A07F5F /* SJUser.m */,
				B6E41E471A40790E00C512C1 /* SJCartopartyUser.h */,
				B6E41E481A40790E00C512C1 /* SJCartopartyUser.m */,
				B656B32C1A31FAF800A07F5F /* SJCartoparty.h */,
				B656B32D1A31FAF800A07F5F /* SJCartoparty.m */,
				B6AE917C1A40403C006CE4F8 /* SJCartopartyTableViewCell.h */,
				B6AE917D1A40403C006CE4F8 /* SJCartopartyTableViewCell.m */,
				B6E41E411A406D5600C512C1 /* SJRecord.h */,
				B6E41E421A406D5600C512C1 /* SJRecord.m */,
				B6B362311A409D4700EB9DE5 /* SJMedalView.h */,
				B6B362321A409D4700EB9DE5 /* SJMedalView.m */,
				B6045AE61A5745AB003A170B /* SJLocation.h */,
				B6045AE71A5745AB003A170B /* SJLocation.m */,
			);
			name = Models;
			sourceTree = "<group>";
		};
		B682232E1A50BBCA0038375C /* Storyboards */ = {
			isa = PBXGroup;
			children = (
				B64D66A71A2FC5D6006C9189 /* Main.storyboard */,
				B682232F1A50BBF30038375C /* RecordsStoryboard.storyboard */,
			);
			name = Storyboards;
			sourceTree = "<group>";
		};
		B68223311A50C5C60038375C /* SphereMenu */ = {
			isa = PBXGroup;
			children = (
				B68223321A50C5C60038375C /* SphereMenu.h */,
				B68223331A50C5C60038375C /* SphereMenu.m */,
			);
			name = SphereMenu;
			path = Frameworks/SphereMenu;
			sourceTree = "<group>";
		};
		B68A79CD1A3F24C2006919B1 /* SJCheckButton */ = {
			isa = PBXGroup;
			children = (
				B68A79CE1A3F24D4006919B1 /* SJCheckButton.h */,
				B68A79CF1A3F24D4006919B1 /* SJCheckButton.m */,
			);
			name = SJCheckButton;
			sourceTree = "<group>";
		};
		B6F39EFB1A323AFC00B110E3 /* Assets */ = {
			isa = PBXGroup;
			children = (
				B6518E301A399CF500DD43CC /* Fonts */,
				B6473DC21A50DDB900AA0E94 /* icon-compass@2x.png */,
				B6473DC31A50DDB900AA0E94 /* icon-map-marker@2x.png */,
				B6473DC41A50DDB900AA0E94 /* icon-pencil@2x.png */,
				B6473DBE1A50DAF400AA0E94 /* icon-thumbtack@2x.png */,
				B6473DBF1A50DAF400AA0E94 /* icon-building@2x.png */,
				B67CFDB11A50181700A97CDF /* cartoparty-placeholder-master.png */,
				B67CFDB21A50181700A97CDF /* cartoparty-placeholder-master@2x.png */,
				B67CFDB31A50181700A97CDF /* cartoparty-placeholder-master@3x.png */,
				B6A2D0721A4A30BC00082F46 /* sad_icon.png */,
				B6A2D0731A4A30BC00082F46 /* sad_icon@2x.png */,
				B6A2D0741A4A30BC00082F46 /* sad_icon@3x.png */,
				B65A6E1A1A4B04F50082D680 /* placeholder.jpg */,
				B65A6E1B1A4B04F50082D680 /* placeholder@2x.jpg */,
				B65A6E1C1A4B04F50082D680 /* placeholder@3x.jpg */,
				B63333A41A49A24100B6F0C6 /* email-icon.png */,
				B63333A51A49A24100B6F0C6 /* email-icon@2x.png */,
				B63333A61A49A24100B6F0C6 /* email-icon@3x.png */,
				B6A63EC01A499F470065FAA1 /* camera-icon.png */,
				B6A63EC11A499F470065FAA1 /* camera-icon@2x.png */,
				B6A63EC21A499F470065FAA1 /* camera-icon@3x.png */,
				B6C9E14B1A3247A400E69A9A /* lock_icon.png */,
				B6C9E14C1A3247A400E69A9A /* user_icon.png */,
				B6C9E14D1A3247A400E69A9A /* user_icon@2x.png */,
				B6C9E14E1A3247A400E69A9A /* lock_icon@2x.png */,
				B6C9E14F1A3247A400E69A9A /* map_logo.png */,
				B6C9E1501A3247A400E69A9A /* map_logo@2x.png */,
				0B3557EB1A580651008651A5 /* record-nopicture-master.png */,
				0B3557EC1A580651008651A5 /* record-nopicture-master@2x.png */,
				0B3557ED1A580651008651A5 /* record-nopicture-master@3x.png */,
				0B3557EE1A580651008651A5 /* record-placeholder-master.png */,
				0B3557EF1A580651008651A5 /* record-placeholder-master@2x.png */,
				0B3557F01A580651008651A5 /* record-placeholder-master@3x.png */,
			);
			name = Assets;
			sourceTree = "<group>";
		};
/* End PBXGroup section */

/* Begin PBXNativeTarget section */
		B64D66961A2FC5D6006C9189 /* vesta */ = {
			isa = PBXNativeTarget;
			buildConfigurationList = B64D66BD1A2FC5D6006C9189 /* Build configuration list for PBXNativeTarget "vesta" */;
			buildPhases = (
				7BCF31D7DB9CEC182083C3D6 /* Check Pods Manifest.lock */,
				B64D66931A2FC5D6006C9189 /* Sources */,
				B64D66941A2FC5D6006C9189 /* Frameworks */,
				B64D66951A2FC5D6006C9189 /* Resources */,
				B64D66C31A2FC670006C9189 /* ShellScript */,
				AA56D61A130414C7C9E4BFD3 /* Copy Pods Resources */,
			);
			buildRules = (
			);
			dependencies = (
			);
			name = vesta;
			productName = vesta;
			productReference = B64D66971A2FC5D6006C9189 /* vesta.app */;
			productType = "com.apple.product-type.application";
		};
		B64D66B21A2FC5D6006C9189 /* vestaTests */ = {
			isa = PBXNativeTarget;
			buildConfigurationList = B64D66C01A2FC5D6006C9189 /* Build configuration list for PBXNativeTarget "vestaTests" */;
			buildPhases = (
				B64D66AF1A2FC5D6006C9189 /* Sources */,
				B64D66B01A2FC5D6006C9189 /* Frameworks */,
				B64D66B11A2FC5D6006C9189 /* Resources */,
			);
			buildRules = (
			);
			dependencies = (
				B64D66B51A2FC5D6006C9189 /* PBXTargetDependency */,
			);
			name = vestaTests;
			productName = vestaTests;
			productReference = B64D66B31A2FC5D6006C9189 /* vestaTests.xctest */;
			productType = "com.apple.product-type.bundle.unit-test";
		};
/* End PBXNativeTarget section */

/* Begin PBXProject section */
		B64D668F1A2FC5D6006C9189 /* Project object */ = {
			isa = PBXProject;
			attributes = {
				LastUpgradeCheck = 0610;
				ORGANIZATIONNAME = utt;
				TargetAttributes = {
					B64D66961A2FC5D6006C9189 = {
						CreatedOnToolsVersion = 6.1.1;
					};
					B64D66B21A2FC5D6006C9189 = {
						CreatedOnToolsVersion = 6.1.1;
						TestTargetID = B64D66961A2FC5D6006C9189;
					};
				};
			};
			buildConfigurationList = B64D66921A2FC5D6006C9189 /* Build configuration list for PBXProject "vesta" */;
			compatibilityVersion = "Xcode 3.2";
			developmentRegion = English;
			hasScannedForEncodings = 0;
			knownRegions = (
				en,
				Base,
			);
			mainGroup = B64D668E1A2FC5D6006C9189;
			productRefGroup = B64D66981A2FC5D6006C9189 /* Products */;
			projectDirPath = "";
			projectRoot = "";
			targets = (
				B64D66961A2FC5D6006C9189 /* vesta */,
				B64D66B21A2FC5D6006C9189 /* vestaTests */,
			);
		};
/* End PBXProject section */

/* Begin PBXResourcesBuildPhase section */
		B64D66951A2FC5D6006C9189 /* Resources */ = {
			isa = PBXResourcesBuildPhase;
			buildActionMask = 2147483647;
			files = (
				B6C9E1561A3247A400E69A9A /* map_logo@2x.png in Resources */,
				B6518E321A399D2200DD43CC /* FontAwesome.ttf in Resources */,
				0B3557F31A580651008651A5 /* record-nopicture-master@3x.png in Resources */,
				B6473DC61A50DDB900AA0E94 /* icon-map-marker@2x.png in Resources */,
				B6A63EC31A499F470065FAA1 /* camera-icon.png in Resources */,
				B6518E3B1A399E7700DD43CC /* Montserrat-Hairline.otf in Resources */,
				B6473DC51A50DDB900AA0E94 /* icon-compass@2x.png in Resources */,
				B6A2D0771A4A30BC00082F46 /* sad_icon@3x.png in Resources */,
				B6A2D0761A4A30BC00082F46 /* sad_icon@2x.png in Resources */,
				B6A63EC51A499F470065FAA1 /* camera-icon@3x.png in Resources */,
				B65A6E1F1A4B04F50082D680 /* placeholder@3x.jpg in Resources */,
				B64D66A91A2FC5D6006C9189 /* Main.storyboard in Resources */,
				B63333A81A49A24100B6F0C6 /* email-icon@2x.png in Resources */,
				B65A6E1D1A4B04F50082D680 /* placeholder.jpg in Resources */,
				B6473DC11A50DAF400AA0E94 /* icon-building@2x.png in Resources */,
				0B3557F11A580651008651A5 /* record-nopicture-master.png in Resources */,
				B6C9E1511A3247A400E69A9A /* lock_icon.png in Resources */,
				B6518E3C1A399E7700DD43CC /* Montserrat-Light.otf in Resources */,
				B6518E391A399E7700DD43CC /* Montserrat-Black.otf in Resources */,
				B68223301A50BBF30038375C /* RecordsStoryboard.storyboard in Resources */,
				B64D66AE1A2FC5D6006C9189 /* LaunchScreen.xib in Resources */,
				B6948DAF1A45D0B3005DB50D /* Entitlements.plist in Resources */,
				B6A2D0751A4A30BC00082F46 /* sad_icon.png in Resources */,
				B67CFDB41A50181700A97CDF /* cartoparty-placeholder-master.png in Resources */,
				B65A6E1E1A4B04F50082D680 /* placeholder@2x.jpg in Resources */,
				B64D66AB1A2FC5D6006C9189 /* Images.xcassets in Resources */,
				B6C9E1541A3247A400E69A9A /* lock_icon@2x.png in Resources */,
				B6C9E1551A3247A400E69A9A /* map_logo.png in Resources */,
				B6518E381A399E7700DD43CC /* Montserrat-Regular.otf in Resources */,
				0B3557F21A580651008651A5 /* record-nopicture-master@2x.png in Resources */,
				B67CFDB51A50181700A97CDF /* cartoparty-placeholder-master@2x.png in Resources */,
				B63333A71A49A24100B6F0C6 /* email-icon.png in Resources */,
				0B3557F51A580651008651A5 /* record-placeholder-master@2x.png in Resources */,
				B67CFDB61A50181700A97CDF /* cartoparty-placeholder-master@3x.png in Resources */,
				0B3557F61A580651008651A5 /* record-placeholder-master@3x.png in Resources */,
				B6518E3A1A399E7700DD43CC /* Montserrat-Bold.otf in Resources */,
				B6473DC71A50DDB900AA0E94 /* icon-pencil@2x.png in Resources */,
				B6C9E1531A3247A400E69A9A /* user_icon@2x.png in Resources */,
				0B3557F41A580651008651A5 /* record-placeholder-master.png in Resources */,
				B63333A91A49A24100B6F0C6 /* email-icon@3x.png in Resources */,
				B6A63EC41A499F470065FAA1 /* camera-icon@2x.png in Resources */,
				B6473DC01A50DAF400AA0E94 /* icon-thumbtack@2x.png in Resources */,
				B6C9E1521A3247A400E69A9A /* user_icon.png in Resources */,
			);
			runOnlyForDeploymentPostprocessing = 0;
		};
		B64D66B11A2FC5D6006C9189 /* Resources */ = {
			isa = PBXResourcesBuildPhase;
			buildActionMask = 2147483647;
			files = (
			);
			runOnlyForDeploymentPostprocessing = 0;
		};
/* End PBXResourcesBuildPhase section */

/* Begin PBXShellScriptBuildPhase section */
		7BCF31D7DB9CEC182083C3D6 /* Check Pods Manifest.lock */ = {
			isa = PBXShellScriptBuildPhase;
			buildActionMask = 2147483647;
			files = (
			);
			inputPaths = (
			);
			name = "Check Pods Manifest.lock";
			outputPaths = (
			);
			runOnlyForDeploymentPostprocessing = 0;
			shellPath = /bin/sh;
			shellScript = "diff \"${PODS_ROOT}/../Podfile.lock\" \"${PODS_ROOT}/Manifest.lock\" > /dev/null\nif [[ $? != 0 ]] ; then\n    cat << EOM\nerror: The sandbox is not in sync with the Podfile.lock. Run 'pod install' or update your CocoaPods installation.\nEOM\n    exit 1\nfi\n";
			showEnvVarsInLog = 0;
		};
		AA56D61A130414C7C9E4BFD3 /* Copy Pods Resources */ = {
			isa = PBXShellScriptBuildPhase;
			buildActionMask = 2147483647;
			files = (
			);
			inputPaths = (
			);
			name = "Copy Pods Resources";
			outputPaths = (
			);
			runOnlyForDeploymentPostprocessing = 0;
			shellPath = /bin/sh;
			shellScript = "\"${SRCROOT}/Pods/Target Support Files/Pods-vesta/Pods-vesta-resources.sh\"\n";
			showEnvVarsInLog = 0;
		};
		B64D66C31A2FC670006C9189 /* ShellScript */ = {
			isa = PBXShellScriptBuildPhase;
			buildActionMask = 2147483647;
			files = (
			);
			inputPaths = (
			);
			outputPaths = (
			);
			runOnlyForDeploymentPostprocessing = 0;
			shellPath = /bin/sh;
			shellScript = "#Update build number with number of git commits if in release mode\nif [ ${CONFIGURATION} == \"Release\" ]; then\nbuildNumber=$(git rev-list HEAD | wc -l | tr -d ' ')\n/usr/libexec/PlistBuddy -c \"Set :CFBundleVersion $buildNumber\" \"${PROJECT_DIR}/${INFOPLIST_FILE}\"\nfi;";
		};
/* End PBXShellScriptBuildPhase section */

/* Begin PBXSourcesBuildPhase section */
		B64D66931A2FC5D6006C9189 /* Sources */ = {
			isa = PBXSourcesBuildPhase;
			buildActionMask = 2147483647;
			files = (
				B64D66A01A2FC5D6006C9189 /* AppDelegate.m in Sources */,
				B68223341A50C5C60038375C /* SphereMenu.m in Sources */,
				B656B32A1A31EA7800A07F5F /* SJUser.m in Sources */,
				B6B362331A409D4700EB9DE5 /* SJMedalView.m in Sources */,
				B68D4DB71A48E4DE002C0A47 /* SignupViewController.m in Sources */,
				B6AE917E1A40403C006CE4F8 /* SJCartopartyTableViewCell.m in Sources */,
				B6E41E431A406D5600C512C1 /* SJRecord.m in Sources */,
				B64D66A31A2FC5D6006C9189 /* MasterViewController.m in Sources */,
				B6E41E461A40732B00C512C1 /* UserListTableViewController.m in Sources */,
				B64D669D1A2FC5D6006C9189 /* main.m in Sources */,
				B66827B71A45D8970098C23B /* UIColor+FlatUI.m in Sources */,
				B6E41E401A40638200C512C1 /* RecordListTableViewController.m in Sources */,
				B692B3151A39ADC40082030E /* CartopartyDetailTableViewController.m in Sources */,
				B6045AE81A5745AB003A170B /* SJLocation.m in Sources */,
				B6BB46D01A3746A9005FB96D /* CartopartiesListTableViewController.m in Sources */,
				B6E41E491A40790E00C512C1 /* SJCartopartyUser.m in Sources */,
				B656B32E1A31FAF800A07F5F /* SJCartoparty.m in Sources */,
				B68A79D01A3F24D4006919B1 /* SJCheckButton.m in Sources */,
				B656B3271A31E77500A07F5F /* LoginViewController.m in Sources */,
				0B3557F91A58067A008651A5 /* RecordDetailTableViewController.m in Sources */,
				B61375BF1A5720D200FA58BA /* RecordsAroundMeViewController.m in Sources */,
			);
			runOnlyForDeploymentPostprocessing = 0;
		};
		B64D66AF1A2FC5D6006C9189 /* Sources */ = {
			isa = PBXSourcesBuildPhase;
			buildActionMask = 2147483647;
			files = (
				B64D66BA1A2FC5D6006C9189 /* vestaTests.m in Sources */,
			);
			runOnlyForDeploymentPostprocessing = 0;
		};
/* End PBXSourcesBuildPhase section */

/* Begin PBXTargetDependency section */
		B64D66B51A2FC5D6006C9189 /* PBXTargetDependency */ = {
			isa = PBXTargetDependency;
			target = B64D66961A2FC5D6006C9189 /* vesta */;
			targetProxy = B64D66B41A2FC5D6006C9189 /* PBXContainerItemProxy */;
		};
/* End PBXTargetDependency section */

/* Begin PBXVariantGroup section */
		B64D66A71A2FC5D6006C9189 /* Main.storyboard */ = {
			isa = PBXVariantGroup;
			children = (
				B64D66A81A2FC5D6006C9189 /* Base */,
			);
			name = Main.storyboard;
			sourceTree = "<group>";
		};
		B64D66AC1A2FC5D6006C9189 /* LaunchScreen.xib */ = {
			isa = PBXVariantGroup;
			children = (
				B64D66AD1A2FC5D6006C9189 /* Base */,
			);
			name = LaunchScreen.xib;
			sourceTree = "<group>";
		};
/* End PBXVariantGroup section */

/* Begin XCBuildConfiguration section */
		B64D66BB1A2FC5D6006C9189 /* Debug */ = {
			isa = XCBuildConfiguration;
			buildSettings = {
				ALWAYS_SEARCH_USER_PATHS = NO;
				CLANG_CXX_LANGUAGE_STANDARD = "gnu++0x";
				CLANG_CXX_LIBRARY = "libc++";
				CLANG_ENABLE_MODULES = YES;
				CLANG_ENABLE_OBJC_ARC = YES;
				CLANG_WARN_BOOL_CONVERSION = YES;
				CLANG_WARN_CONSTANT_CONVERSION = YES;
				CLANG_WARN_DIRECT_OBJC_ISA_USAGE = YES_ERROR;
				CLANG_WARN_EMPTY_BODY = YES;
				CLANG_WARN_ENUM_CONVERSION = YES;
				CLANG_WARN_INT_CONVERSION = YES;
				CLANG_WARN_OBJC_ROOT_CLASS = YES_ERROR;
				CLANG_WARN_UNREACHABLE_CODE = YES;
				CLANG_WARN__DUPLICATE_METHOD_MATCH = YES;
				CODE_SIGN_ENTITLEMENTS = Entitlements.plist;
				CODE_SIGN_IDENTITY = "-";
				"CODE_SIGN_IDENTITY[sdk=iphoneos*]" = "-";
				COPY_PHASE_STRIP = NO;
				ENABLE_STRICT_OBJC_MSGSEND = YES;
				GCC_C_LANGUAGE_STANDARD = gnu99;
				GCC_DYNAMIC_NO_PIC = NO;
				GCC_OPTIMIZATION_LEVEL = 0;
				GCC_PREPROCESSOR_DEFINITIONS = (
					"DEBUG=1",
					"$(inherited)",
				);
				GCC_SYMBOLS_PRIVATE_EXTERN = NO;
				GCC_WARN_64_TO_32_BIT_CONVERSION = YES;
				GCC_WARN_ABOUT_RETURN_TYPE = YES_ERROR;
				GCC_WARN_UNDECLARED_SELECTOR = YES;
				GCC_WARN_UNINITIALIZED_AUTOS = YES_AGGRESSIVE;
				GCC_WARN_UNUSED_FUNCTION = YES;
				GCC_WARN_UNUSED_VARIABLE = YES;
				IPHONEOS_DEPLOYMENT_TARGET = 8.1;
				MTL_ENABLE_DEBUG_INFO = YES;
				ONLY_ACTIVE_ARCH = YES;
				SDKROOT = iphoneos;
				TARGETED_DEVICE_FAMILY = "1,2";
			};
			name = Debug;
		};
		B64D66BC1A2FC5D6006C9189 /* Release */ = {
			isa = XCBuildConfiguration;
			buildSettings = {
				ALWAYS_SEARCH_USER_PATHS = NO;
				CLANG_CXX_LANGUAGE_STANDARD = "gnu++0x";
				CLANG_CXX_LIBRARY = "libc++";
				CLANG_ENABLE_MODULES = YES;
				CLANG_ENABLE_OBJC_ARC = YES;
				CLANG_WARN_BOOL_CONVERSION = YES;
				CLANG_WARN_CONSTANT_CONVERSION = YES;
				CLANG_WARN_DIRECT_OBJC_ISA_USAGE = YES_ERROR;
				CLANG_WARN_EMPTY_BODY = YES;
				CLANG_WARN_ENUM_CONVERSION = YES;
				CLANG_WARN_INT_CONVERSION = YES;
				CLANG_WARN_OBJC_ROOT_CLASS = YES_ERROR;
				CLANG_WARN_UNREACHABLE_CODE = YES;
				CLANG_WARN__DUPLICATE_METHOD_MATCH = YES;
				CODE_SIGN_ENTITLEMENTS = Entitlements.plist;
				CODE_SIGN_IDENTITY = "-";
				"CODE_SIGN_IDENTITY[sdk=iphoneos*]" = "-";
				COPY_PHASE_STRIP = YES;
				ENABLE_NS_ASSERTIONS = NO;
				ENABLE_STRICT_OBJC_MSGSEND = YES;
				GCC_C_LANGUAGE_STANDARD = gnu99;
				GCC_WARN_64_TO_32_BIT_CONVERSION = YES;
				GCC_WARN_ABOUT_RETURN_TYPE = YES_ERROR;
				GCC_WARN_UNDECLARED_SELECTOR = YES;
				GCC_WARN_UNINITIALIZED_AUTOS = YES_AGGRESSIVE;
				GCC_WARN_UNUSED_FUNCTION = YES;
				GCC_WARN_UNUSED_VARIABLE = YES;
				IPHONEOS_DEPLOYMENT_TARGET = 8.1;
				MTL_ENABLE_DEBUG_INFO = NO;
				SDKROOT = iphoneos;
				TARGETED_DEVICE_FAMILY = "1,2";
				VALIDATE_PRODUCT = YES;
			};
			name = Release;
		};
		B64D66BE1A2FC5D6006C9189 /* Debug */ = {
			isa = XCBuildConfiguration;
			baseConfigurationReference = DE09CA33BBDEB3AAE3631C90 /* Pods-vesta.debug.xcconfig */;
			buildSettings = {
				ASSETCATALOG_COMPILER_APPICON_NAME = AppIcon;
				CODE_SIGN_IDENTITY = "-";
				FRAMEWORK_SEARCH_PATHS = (
					"$(inherited)",
					"$(PROJECT_DIR)",
					"$(PROJECT_DIR)/Frameworks",
				);
				GCC_PREFIX_HEADER = "$(SRCROOT)/vesta/PrefixHeader.pch";
				INFOPLIST_FILE = vesta/Info.plist;
				LD_RUNPATH_SEARCH_PATHS = "$(inherited) @executable_path/Frameworks";
				PRODUCT_NAME = "$(TARGET_NAME)";
			};
			name = Debug;
		};
		B64D66BF1A2FC5D6006C9189 /* Release */ = {
			isa = XCBuildConfiguration;
			baseConfigurationReference = 021384AC38D269427C962DE8 /* Pods-vesta.release.xcconfig */;
			buildSettings = {
				ASSETCATALOG_COMPILER_APPICON_NAME = AppIcon;
				CODE_SIGN_IDENTITY = "-";
				FRAMEWORK_SEARCH_PATHS = (
					"$(inherited)",
					"$(PROJECT_DIR)",
					"$(PROJECT_DIR)/Frameworks",
				);
				GCC_PREFIX_HEADER = "$(SRCROOT)/vesta/PrefixHeader.pch";
				INFOPLIST_FILE = vesta/Info.plist;
				LD_RUNPATH_SEARCH_PATHS = "$(inherited) @executable_path/Frameworks";
				PRODUCT_NAME = "$(TARGET_NAME)";
			};
			name = Release;
		};
		B64D66C11A2FC5D6006C9189 /* Debug */ = {
			isa = XCBuildConfiguration;
			buildSettings = {
				BUNDLE_LOADER = "$(TEST_HOST)";
				FRAMEWORK_SEARCH_PATHS = (
					"$(SDKROOT)/Developer/Library/Frameworks",
					"$(inherited)",
				);
				GCC_PREPROCESSOR_DEFINITIONS = (
					"DEBUG=1",
					"$(inherited)",
				);
				INFOPLIST_FILE = vestaTests/Info.plist;
				LD_RUNPATH_SEARCH_PATHS = "$(inherited) @executable_path/Frameworks @loader_path/Frameworks";
				PRODUCT_NAME = "$(TARGET_NAME)";
				TEST_HOST = "$(BUILT_PRODUCTS_DIR)/vesta.app/vesta";
			};
			name = Debug;
		};
		B64D66C21A2FC5D6006C9189 /* Release */ = {
			isa = XCBuildConfiguration;
			buildSettings = {
				BUNDLE_LOADER = "$(TEST_HOST)";
				FRAMEWORK_SEARCH_PATHS = (
					"$(SDKROOT)/Developer/Library/Frameworks",
					"$(inherited)",
				);
				INFOPLIST_FILE = vestaTests/Info.plist;
				LD_RUNPATH_SEARCH_PATHS = "$(inherited) @executable_path/Frameworks @loader_path/Frameworks";
				PRODUCT_NAME = "$(TARGET_NAME)";
				TEST_HOST = "$(BUILT_PRODUCTS_DIR)/vesta.app/vesta";
			};
			name = Release;
		};
/* End XCBuildConfiguration section */

/* Begin XCConfigurationList section */
		B64D66921A2FC5D6006C9189 /* Build configuration list for PBXProject "vesta" */ = {
			isa = XCConfigurationList;
			buildConfigurations = (
				B64D66BB1A2FC5D6006C9189 /* Debug */,
				B64D66BC1A2FC5D6006C9189 /* Release */,
			);
			defaultConfigurationIsVisible = 0;
			defaultConfigurationName = Release;
		};
		B64D66BD1A2FC5D6006C9189 /* Build configuration list for PBXNativeTarget "vesta" */ = {
			isa = XCConfigurationList;
			buildConfigurations = (
				B64D66BE1A2FC5D6006C9189 /* Debug */,
				B64D66BF1A2FC5D6006C9189 /* Release */,
			);
			defaultConfigurationIsVisible = 0;
			defaultConfigurationName = Release;
		};
		B64D66C01A2FC5D6006C9189 /* Build configuration list for PBXNativeTarget "vestaTests" */ = {
			isa = XCConfigurationList;
			buildConfigurations = (
				B64D66C11A2FC5D6006C9189 /* Debug */,
				B64D66C21A2FC5D6006C9189 /* Release */,
			);
			defaultConfigurationIsVisible = 0;
			defaultConfigurationName = Release;
		};
/* End XCConfigurationList section */
	};
	rootObject = B64D668F1A2FC5D6006C9189 /* Project object */;
}
